
Microsoft Visual Studio Solution File, Format Version 12.00
Project("{FAE04EC0-301F-11D3-BF4B-00C04F79EFBC}") = "Api", "Api\Api.csproj", "{8B8981BB-522B-417C-BADD-5CE8A22D6F44}"
EndProject
Project("{FAE04EC0-301F-11D3-BF4B-00C04F79EFBC}") = "ROP.Implementation", "ROP.Implementation\ROP.Implementation.csproj", "{72EAFBEE-9551-4D5A-92BA-A07854A82FDD}"
EndProject
Global
	GlobalSection(SolutionConfigurationPlatforms) = preSolution
		Debug|Any CPU = Debug|Any CPU
		Release|Any CPU = Release|Any CPU
	EndGlobalSection
	GlobalSection(ProjectConfigurationPlatforms) = postSolution
		{8B8981BB-522B-417C-BADD-5CE8A22D6F44}.Debug|Any CPU.ActiveCfg = Debug|Any CPU
		{8B8981BB-522B-417C-BADD-5CE8A22D6F44}.Debug|Any CPU.Build.0 = Debug|Any CPU
		{8B8981BB-522B-417C-BADD-5CE8A22D6F44}.Release|Any CPU.ActiveCfg = Release|Any CPU
		{8B8981BB-522B-417C-BADD-5CE8A22D6F44}.Release|Any CPU.Build.0 = Release|Any CPU
		{72EAFBEE-9551-4D5A-92BA-A07854A82FDD}.Debug|Any CPU.ActiveCfg = Debug|Any CPU
		{72EAFBEE-9551-4D5A-92BA-A07854A82FDD}.Debug|Any CPU.Build.0 = Debug|Any CPU
		{72EAFBEE-9551-4D5A-92BA-A07854A82FDD}.Release|Any CPU.ActiveCfg = Release|Any CPU
		{72EAFBEE-9551-4D5A-92BA-A07854A82FDD}.Release|Any CPU.Build.0 = Release|Any CPU
	EndGlobalSection
EndGlobal
